
Microsoft Visual Studio Solution File, Format Version 12.00
# Visual Studio 15
VisualStudioVersion = 15.0.28306.52
MinimumVisualStudioVersion = 10.0.40219.1
Project("{FAE04EC0-301F-11D3-BF4B-00C04F79EFBC}") = "Cycling test", "Cycling test\Cycling test.csproj", "{91D9B150-3B2D-4657-ACCB-B29A27088EFE}"
EndProject
Global
	GlobalSection(SolutionConfigurationPlatforms) = preSolution
		Debug|Any CPU = Debug|Any CPU
		Release|Any CPU = Release|Any CPU
	EndGlobalSection
	GlobalSection(ProjectConfigurationPlatforms) = postSolution
		{91D9B150-3B2D-4657-ACCB-B29A27088EFE}.Debug|Any CPU.ActiveCfg = Debug|Any CPU
		{91D9B150-3B2D-4657-ACCB-B29A27088EFE}.Debug|Any CPU.Build.0 = Debug|Any CPU
		{91D9B150-3B2D-4657-ACCB-B29A27088EFE}.Release|Any CPU.ActiveCfg = Release|Any CPU
		{91D9B150-3B2D-4657-ACCB-B29A27088EFE}.Release|Any CPU.Build.0 = Release|Any CPU
	EndGlobalSection
	GlobalSection(SolutionProperties) = preSolution
		HideSolutionNode = FALSE
	EndGlobalSection
	GlobalSection(ExtensibilityGlobals) = postSolution
		SolutionGuid = {6D2495A6-6B14-4213-B7C4-4F7E99FCB79D}
	EndGlobalSection
EndGlobal
